
Microsoft Visual Studio Solution File, Format Version 12.00
# Visual Studio 15
VisualStudioVersion = 15.0.28307.102
MinimumVisualStudioVersion = 10.0.40219.1
Project("{FAE04EC0-301F-11D3-BF4B-00C04F79EFBC}") = "SendGridPOC", "SendGridPOC\SendGridPOC.csproj", "{AC2D67FE-D747-4064-A182-C5CDF95444F2}"
EndProject
Global
	GlobalSection(SolutionConfigurationPlatforms) = preSolution
		Debug|Any CPU = Debug|Any CPU
		Release|Any CPU = Release|Any CPU
	EndGlobalSection
	GlobalSection(ProjectConfigurationPlatforms) = postSolution
		{AC2D67FE-D747-4064-A182-C5CDF95444F2}.Debug|Any CPU.ActiveCfg = Debug|Any CPU
		{AC2D67FE-D747-4064-A182-C5CDF95444F2}.Debug|Any CPU.Build.0 = Debug|Any CPU
		{AC2D67FE-D747-4064-A182-C5CDF95444F2}.Release|Any CPU.ActiveCfg = Release|Any CPU
		{AC2D67FE-D747-4064-A182-C5CDF95444F2}.Release|Any CPU.Build.0 = Release|Any CPU
	EndGlobalSection
	GlobalSection(SolutionProperties) = preSolution
		HideSolutionNode = FALSE
	EndGlobalSection
	GlobalSection(ExtensibilityGlobals) = postSolution
		SolutionGuid = {55E767C7-6983-4684-ACE5-05D4EDE7E464}
	EndGlobalSection
EndGlobal
